
Microsoft Visual Studio Solution File, Format Version 12.00
# Visual Studio Version 16
VisualStudioVersion = 16.0.28803.202
MinimumVisualStudioVersion = 10.0.40219.1
Project("{9A19103F-16F7-4668-BE54-9A1E7A4F7556}") = "ArticleSelection", "ArticleSelection\ArticleSelection.csproj", "{E169A066-1E8D-4DB5-BD55-9AE4B6A80D2B}"
EndProject
Project("{FAE04EC0-301F-11D3-BF4B-00C04F79EFBC}") = "LibraryEntity", "LibraryEntity\LibraryEntity.csproj", "{F9C6D37B-AE6E-4274-AE95-001BD38BEE78}"
EndProject
Global
	GlobalSection(SolutionConfigurationPlatforms) = preSolution
		Debug|Any CPU = Debug|Any CPU
		Release|Any CPU = Release|Any CPU
	EndGlobalSection
	GlobalSection(ProjectConfigurationPlatforms) = postSolution
		{E169A066-1E8D-4DB5-BD55-9AE4B6A80D2B}.Debug|Any CPU.ActiveCfg = Debug|Any CPU
		{E169A066-1E8D-4DB5-BD55-9AE4B6A80D2B}.Debug|Any CPU.Build.0 = Debug|Any CPU
		{E169A066-1E8D-4DB5-BD55-9AE4B6A80D2B}.Release|Any CPU.ActiveCfg = Release|Any CPU
		{E169A066-1E8D-4DB5-BD55-9AE4B6A80D2B}.Release|Any CPU.Build.0 = Release|Any CPU
		{F9C6D37B-AE6E-4274-AE95-001BD38BEE78}.Debug|Any CPU.ActiveCfg = Debug|Any CPU
		{F9C6D37B-AE6E-4274-AE95-001BD38BEE78}.Debug|Any CPU.Build.0 = Debug|Any CPU
		{F9C6D37B-AE6E-4274-AE95-001BD38BEE78}.Release|Any CPU.ActiveCfg = Release|Any CPU
		{F9C6D37B-AE6E-4274-AE95-001BD38BEE78}.Release|Any CPU.Build.0 = Release|Any CPU
	EndGlobalSection
	GlobalSection(SolutionProperties) = preSolution
		HideSolutionNode = FALSE
	EndGlobalSection
	GlobalSection(ExtensibilityGlobals) = postSolution
		SolutionGuid = {A28F553B-A3E2-4B7F-A44F-00C6BAA3CD8F}
	EndGlobalSection
EndGlobal
